locks:
  f/finnew/example_script: f070e23f238fbf6377f83109b2f4be49bb1fa3a4fecf65b56c66f6c7520100c6
  f/finnew/hands_down_flow.flow:
    __flow_hash: 116dfd72e17b72fae02c6a18b0de094843b0e9baaf8f0d596a519e637aca840d
    create_csv_file.inline_script.py: 131ac61d41a666cb83656e0807cd1e0e3a0fcc1ac2b2db7494b9f4cbaa205473
    index_fluctuation.inline_script.py: 74ed5a2a7fc46103fa82e91fe5e3981bc6be498573b8e9ebbb591c1a54f59648
    index_summary.inline_script.py: a2863b47389d40ff1397f4d299b740c240d82ad2eed7b16b30e09dff80b2fef6
    inline_script_0.inline_script.py: 90cb5facceac545de9398b886be71478291d4a798eef8471f6ec17ae36d5328b
    khoi_ngoai.inline_script.py: 0bf15c2d821c8aac634f5eb62db37064fc40566fd51482c2cf359363e42695ee
    khoi_tu_doanh.inline_script.py: 7eb0e1b9f08f4e5d5d7b19509644b0110855cdb1fb0cc7cb10b9b7855363bb16
    merge_input.inline_script.py: 0a5ac4c11652f142261747b8626b1afd1dacf1cecdfeb92088007a2802f488bf
    save_file_png.inline_script.py: 3cdc357a4f44c689964def6bf1bde653df2b66ca0c5eca6a8d36bce1ef1ee9e9
    top_5_`changepercent`_sector.inline_script.py: 06c28048936b21f8a67d323c342fb869c6ea7fc204e9acd96e1662e8b2f468dd
    top_interested.inline_script.py: 758e296fe46f6fe91347b29d0ee800b672e48049694eab300b5f8be289a3d8a0
    top_netforeign.inline_script.py: 7699a37973a32ef8ef67e9fee61760a568e8507043e19e7a0a5e30f6deb46816
  f/finnew/report_chung_khoan_1.flow:
    __flow_hash: 263def68adc8686f1b6f8a91ed7e3cf5d8ac2858bcaf47144de6b92ee9143390
    index_summary.inline_script.py: 39fc36cf22bcd82b09b60d61e9f1d7a7e755fd27630353e82174457e175bb21b
    inline_script_0.inline_script.py: 19d44bf808bb2be22b23765b6fc27c9ecfad3dfc01c36dc8e8378bfd90c57ad1
    inline_script_1.inline_script.py: 2356b7d8cdda75c02be5c932505ccbc150302cc269e23860419abf9ebad285b1
    inline_script_2.inline_script.py: 7b47c8c006c3cb9357ec1e8749de40612d584597d5cae16cf07cd4bdcc309b84
    inline_script_3.inline_script.py: a3a2eb996e4278db118131d880429e38317bf054f23e7c7fb49cf698ed98cfad
    khoi_ngoai.inline_script.py: e774799b156b7dd148bf62a69c17ffbfa3c0ab81061a5332322bf5754fc7b644
    merge_input.inline_script.py: 7c9d350d88b9ffc9d88a1f3ba99e3135ca90ad5f0f7f8420c6e6c21d9888bb7b
    save_file_markdown.inline_script.py: 3d3451e3ad4c0c0420da8ae043196f584676465ed5c954d47922e2ea874de3be
    top_5_`changepercent`_sector.inline_script.py: 8ce80ec82d834976b3dc2c99b56e86fe4a460f8d5ba916ad8665b9104d156907
    use_csv_file.inline_script.py: 4b12793a9b793e64d3c6a2a885063cc10368191de984c085897aecb1369d874e
  f/finnew/report_chung_khoan_1/a: 86122e71de18ff8fa6e5720ed36d53334bb0d5731347b8f5461743b5a77d632c
  f/finnew/report_chung_khoan_1/n: 4ae4123e22b9955b5fd1b7d526d584db4e569ee59127c37c32d2cf10508def00
