locks:
  f/agentic/lumir_v0.flow:
    __flow_hash: dddbf509279c67d3d8a0833ac8fc33142b956c592b88a5585bdd2310c78e14ca
    general_agent.inline_script.py: b035a6a19143e462835084f1f02f8e571f6a48eb6a00ef3116345325560af498
    get_user_history.inline_script.py: 8b5289726b1854e2f615a34588d977f215505f942384af206232c13b70b1af35
    memory_agent_select_action.inline_script.py: fc44c6a139236cbd7dccf8058100b4c54d3972876fd8635d42b1308aa625627a
    memory_check_agent.inline_script.py: 3a5ad7407d7aabbd29c49d205f4f2714a15d99f92e1da10c1ed8a8950991dd3d
    numerology_agent_answer.inline_script.py: 11350a08714e8e11552394de29f2705618e1e31bb1c777d3e3a97eee01add0fe
    output.inline_script.py: bb3a04eca831038cf4fb5b0c37dd68edfedbbd94e9899c7f79b717aad7eff5d8
    question_analyzer.inline_script.py: d30ebdca352b562836bac0b9170f3e1e8ef8af8008e892ab631b0e44e50602ca
    synthesize_agent.inline_script.py: 44fe14671df9f2ed62650cd3eb9eec1b5bf4412ff80bacaa2d996a39b96d105d
    trading_agent_answer.inline_script.py: 1452e3af9a1144f47d2f0f0bbb1cb4b6ac47b28b9dc6a6c65fc33a9f25d93298
    update_memory.inline_script.py: bf76c7f25cca855019f4c777d3e750d7ea5c190be8b95abbba5f6f495d031ca3
  f/finnew/bonny_flow.flow:
    __flow_hash: 425c2eb9e2bdc096b4b0742a272c6e54e7524767b1291f5f6ea94ab2df36829b
    check_api_health.inline_script.py: acb83b12dcffae7f29b8f8ce37d313ad3be35eecd4e60d538f5ac99de2fe094a
    csv_report.inline_script.py: 1807b762b2d900f9f7074ee87a877419816f38180856eed42575f10f71e87752
    download_last_day's_csv.inline_script.py: dc1bb505cd45603014fec13bd2652fe8a1577315122b3c1210e71d09b7972fcf
    dump.inline_script.py: 080d8d0249914c710a6c871cde21feea22c1933f978945a8d370d46d0bbbd908
    excel_report.inline_script.py: d7c7fca5db8763049e66cc7933387bc15426e37110292615e9985b1707e230ce
    fetch_index_fluctuation.inline_script.py: 227d5a53aba892807b92da8982f1794247258cf9bc5cdc5f275fcbf8e21c93b3
    fetch_index_summary.inline_script.py: b6dac513a13c62874fc096bda7207c06a8d76a1576256e29a96695ed3f3b07ad
    fetch_interested_stocks.inline_script.py: 1f152c65c94ed8bf9fea5bf565aa5283d84acc7c4383098e9e2460c38af98201
    fetch_khoi_ngoai.inline_script.py: 1d8ca3ff5a07654770c8da63b73188f48f3adaa3ab8289344d99893c6dd12791
    fetch_khoi_tu_doanh.inline_script.py: dfb7ceb36e9e12b66cd5dd11ccf2092897775961d463c11d5a10b2f17a7fea2c
    fetch_netforeign_data.inline_script.py: 06511cbe36673e1ca85d29a5c424c4d4ec3049b5e41f2b97b7589603fc2dec82
    fetch_sectors_data.inline_script.py: 0d571942de9a4fd323e118dcd430d2d68a7e231b3b5b887563d9f7a303cc0649
    inline_script_0.inline_script.py: 2b3bbbef6808429f78b0c74d7c2afad3307e286a8bf3bc5e1e5a5814b490e7c6
    inline_script_1.inline_script.py: e38aa9dcd3d87f5ddbdae4cda77f1c4a53dc96707329b962c6fb57dab02bb2be
    inline_script_2.inline_script.py: e38aa9dcd3d87f5ddbdae4cda77f1c4a53dc96707329b962c6fb57dab02bb2be
    validate_data_quality.inline_script.py: be6d611ba6d00b893c4972a940fb6efb57c2515ed49e7f6e5b2c647e4141a601
    validated_config.inline_script.py: 50acfc2a30e7a2f9d35175c1920e86d94f96da7c1e5a019b3fefe15ec6d7266c
  f/finnew/example_script: f070e23f238fbf6377f83109b2f4be49bb1fa3a4fecf65b56c66f6c7520100c6
  f/finnew/hands_down_flow.flow:
    __flow_hash: 116dfd72e17b72fae02c6a18b0de094843b0e9baaf8f0d596a519e637aca840d
    create_csv_file.inline_script.py: 131ac61d41a666cb83656e0807cd1e0e3a0fcc1ac2b2db7494b9f4cbaa205473
    index_fluctuation.inline_script.py: 74ed5a2a7fc46103fa82e91fe5e3981bc6be498573b8e9ebbb591c1a54f59648
    index_summary.inline_script.py: a2863b47389d40ff1397f4d299b740c240d82ad2eed7b16b30e09dff80b2fef6
    inline_script_0.inline_script.py: 90cb5facceac545de9398b886be71478291d4a798eef8471f6ec17ae36d5328b
    khoi_ngoai.inline_script.py: 0bf15c2d821c8aac634f5eb62db37064fc40566fd51482c2cf359363e42695ee
    khoi_tu_doanh.inline_script.py: 7eb0e1b9f08f4e5d5d7b19509644b0110855cdb1fb0cc7cb10b9b7855363bb16
    merge_input.inline_script.py: 0a5ac4c11652f142261747b8626b1afd1dacf1cecdfeb92088007a2802f488bf
    save_file_png.inline_script.py: 3cdc357a4f44c689964def6bf1bde653df2b66ca0c5eca6a8d36bce1ef1ee9e9
    top_5_`changepercent`_sector.inline_script.py: 06c28048936b21f8a67d323c342fb869c6ea7fc204e9acd96e1662e8b2f468dd
    top_interested.inline_script.py: 758e296fe46f6fe91347b29d0ee800b672e48049694eab300b5f8be289a3d8a0
    top_netforeign.inline_script.py: 7699a37973a32ef8ef67e9fee61760a568e8507043e19e7a0a5e30f6deb46816
  f/finnew/polite_flow.flow:
    __flow_hash: 9ae1b5c11da5e06729cf4e7011df4697e9cc746aed2b9cbde85fbc173a962f84
    generate_targeted_ai_commentary.inline_script.py: 8b848d45aae0c0442fb0f98ef410ea8420a1f73148cf9a68677f6dce783309dc
    inline_script_0.inline_script.py: 3b5384886adbc65dfa3f8f083a5d28322f7be0eb1dc68fa17612710b9c6b0dab
    pdf_template.inline_script.py: a394b2957fab8160657faa0f1a5e889267fe94ebbbe5ba5162fc386401adc39c
    'step_1:_download_csv_from_s3.inline_script.py': d42f24fe79ca8b28e3555605e1342bad82b536551c73950833c8884dd9bb2655
    'step_2:_parse_csv_to_structured_data.inline_script.py': e4f797b9a2056efd265d36ad25708ab8ffc4cd062b902a19be02159a84f389fd
    'step_3:_filter_data_for_analysis.inline_script.py': 54d9a036211ef33c8e583c96b56cfa131f0488e546ec51703b4a1d85ce546044
    text_message_output.inline_script.py: fd90b24452b88881af6ff245a8e3f7e3e0c4027b19c7d31b8e4c78d99740d29c
  f/finnew/report_chung_khoan___improved_version___18_8.flow:
    __flow_hash: 560c79e18e7649790d09c3b525b29d59ea07efd4718584394ac5fb012198c52f
    check_api_health.inline_script.py: 7bba872853790c1affcef4197739436eb02d00fa876256ca6c07b2a7f4b11e8a
    csv_report.inline_script.py: 030088ffdf6205071f79257606a2a048823dee3741bcc33d681acf9c2678f421
    download_last_day's_csv.inline_script.py: c70b59f52cf230ca17cedf315dfa5ca9eb7e97b2cd93a39a9f6b0e85c7d06ef3
    dump.inline_script.py: 080d8d0249914c710a6c871cde21feea22c1933f978945a8d370d46d0bbbd908
    email_notification.inline_script.py: 3a3faebec7386d7dc8b54cf7a925cdeb829bbe3fa60c93ede2c41adec58c66a2
    excel_report.inline_script.py: 6ebe887768c7a9843f1b19c78bbbe622c7cbdb45557ce4d0377cef8b91cbb979
    fetch_index_fluctuation.inline_script.py: 227d5a53aba892807b92da8982f1794247258cf9bc5cdc5f275fcbf8e21c93b3
    fetch_index_summary.inline_script.py: b6dac513a13c62874fc096bda7207c06a8d76a1576256e29a96695ed3f3b07ad
    fetch_interested_stocks.inline_script.py: 1f152c65c94ed8bf9fea5bf565aa5283d84acc7c4383098e9e2460c38af98201
    fetch_khoi_ngoai.inline_script.py: d91a616eba118c20b86e9d27c4c87d86faabd3444c6d25edb410538b98d790d5
    fetch_khoi_tu_doanh.inline_script.py: 7693df2304000865a7d1478363f57dbc368c5c9ba4ade46628577632137bc6d0
    fetch_netforeign_data.inline_script.py: 06511cbe36673e1ca85d29a5c424c4d4ec3049b5e41f2b97b7589603fc2dec82
    fetch_sectors_data.inline_script.py: 0d571942de9a4fd323e118dcd430d2d68a7e231b3b5b887563d9f7a303cc0649
    image_generation_based_on_xlsx_report.inline_script.py: 51d26409280a85093c9f4a11f1e66e251cfb73a6b2990bf479af0f1b6e50fdd2
    inline_script_0.inline_script.py: 2b3bbbef6808429f78b0c74d7c2afad3307e286a8bf3bc5e1e5a5814b490e7c6
    logs_main_flow.inline_script.py: e38aa9dcd3d87f5ddbdae4cda77f1c4a53dc96707329b962c6fb57dab02bb2be
    validate_data_quality.inline_script.py: be6d611ba6d00b893c4972a940fb6efb57c2515ed49e7f6e5b2c647e4141a601
    validated_config.inline_script.py: c030626aad2176b2229e8962533ef81c43ee6be0e8df1bf56e23d7589758e310
  f/finnew/report_chung_khoan___improved_version___27_7.flow:
    __flow_hash: 8d1c3443c3b6e3dd745e2ef256e91fb67d4ca89baf4e9d9c010c63683ee081b4
    check_api_health.inline_script.py: 7bba872853790c1affcef4197739436eb02d00fa876256ca6c07b2a7f4b11e8a
    csv_report.inline_script.py: 030088ffdf6205071f79257606a2a048823dee3741bcc33d681acf9c2678f421
    download_last_day's_csv.inline_script.py: 8bf7841f508e0a189b50f502b937389b1896f3df1725ae0301ca941008b52212
    dump.inline_script.py: 080d8d0249914c710a6c871cde21feea22c1933f978945a8d370d46d0bbbd908
    email_notification.inline_script.py: abb3c91dc1d85aa4ecab5565deccc3db30597b1c1d3542021e3965431bb78b74
    excel_report.inline_script.py: 6ebe887768c7a9843f1b19c78bbbe622c7cbdb45557ce4d0377cef8b91cbb979
    fetch_index_fluctuation.inline_script.py: 227d5a53aba892807b92da8982f1794247258cf9bc5cdc5f275fcbf8e21c93b3
    fetch_index_summary.inline_script.py: b6dac513a13c62874fc096bda7207c06a8d76a1576256e29a96695ed3f3b07ad
    fetch_interested_stocks.inline_script.py: 1f152c65c94ed8bf9fea5bf565aa5283d84acc7c4383098e9e2460c38af98201
    fetch_khoi_ngoai.inline_script.py: d91a616eba118c20b86e9d27c4c87d86faabd3444c6d25edb410538b98d790d5
    fetch_khoi_tu_doanh.inline_script.py: 7693df2304000865a7d1478363f57dbc368c5c9ba4ade46628577632137bc6d0
    fetch_netforeign_data.inline_script.py: 06511cbe36673e1ca85d29a5c424c4d4ec3049b5e41f2b97b7589603fc2dec82
    fetch_sectors_data.inline_script.py: 0d571942de9a4fd323e118dcd430d2d68a7e231b3b5b887563d9f7a303cc0649
    image_generation_based_on_xlsx_report.inline_script.py: 51d26409280a85093c9f4a11f1e66e251cfb73a6b2990bf479af0f1b6e50fdd2
    inline_script_0.inline_script.py: 2b3bbbef6808429f78b0c74d7c2afad3307e286a8bf3bc5e1e5a5814b490e7c6
    inline_script_1.inline_script.py: f16e8ed2328e9fe275d9fa93bed7eb5bc0da62d51ffcb5ab2d117fa536d9b9dd
    logs_main_flow.inline_script.py: e38aa9dcd3d87f5ddbdae4cda77f1c4a53dc96707329b962c6fb57dab02bb2be
    validate_data_quality.inline_script.py: be6d611ba6d00b893c4972a940fb6efb57c2515ed49e7f6e5b2c647e4141a601
    validated_config.inline_script.py: c030626aad2176b2229e8962533ef81c43ee6be0e8df1bf56e23d7589758e310
  f/finnew/report_chung_khoan_1.flow:
    __flow_hash: 263def68adc8686f1b6f8a91ed7e3cf5d8ac2858bcaf47144de6b92ee9143390
    index_summary.inline_script.py: 39fc36cf22bcd82b09b60d61e9f1d7a7e755fd27630353e82174457e175bb21b
    inline_script_0.inline_script.py: 19d44bf808bb2be22b23765b6fc27c9ecfad3dfc01c36dc8e8378bfd90c57ad1
    inline_script_1.inline_script.py: 2356b7d8cdda75c02be5c932505ccbc150302cc269e23860419abf9ebad285b1
    inline_script_2.inline_script.py: 7b47c8c006c3cb9357ec1e8749de40612d584597d5cae16cf07cd4bdcc309b84
    inline_script_3.inline_script.py: a3a2eb996e4278db118131d880429e38317bf054f23e7c7fb49cf698ed98cfad
    khoi_ngoai.inline_script.py: e774799b156b7dd148bf62a69c17ffbfa3c0ab81061a5332322bf5754fc7b644
    merge_input.inline_script.py: 7c9d350d88b9ffc9d88a1f3ba99e3135ca90ad5f0f7f8420c6e6c21d9888bb7b
    save_file_markdown.inline_script.py: 3d3451e3ad4c0c0420da8ae043196f584676465ed5c954d47922e2ea874de3be
    top_5_`changepercent`_sector.inline_script.py: 8ce80ec82d834976b3dc2c99b56e86fe4a460f8d5ba916ad8665b9104d156907
    use_csv_file.inline_script.py: 4b12793a9b793e64d3c6a2a885063cc10368191de984c085897aecb1369d874e
  f/finnew/report_chung_khoan_1/a: 86122e71de18ff8fa6e5720ed36d53334bb0d5731347b8f5461743b5a77d632c
  f/finnew/report_chung_khoan_1/n: 4ae4123e22b9955b5fd1b7d526d584db4e569ee59127c37c32d2cf10508def00
  f/finnew/stock_analyze_summary.flow:
    __flow_hash: 323d368d783cd90c0d0f36bafa10f730708041b06d76d235bd81bfca2bf6c0f8
    check_1.inline_script.py: 98325751b1ffc971487dff2a8769c5320330657832c67a56ddd5c16de15c6013
    check_2.inline_script.py: 354b9163078396516220e4412db9cbfc0af2a7b886d0f287bb858483a7dfcb1f
    check_4.inline_script.py: 43b82ba34952a8b7e2dc5075464d4248a8a40c781ca7a671154b17fbc0969f1f
    check.inline_script.py: 16e0680e445a7294073c56648cba4b39823f9914cb7a471a1244b89e08f77dd7
    chunking_3.inline_script.py: fcf3a0f4b15adbf95f676b577b6ed415310172d27de364424853133982c27545
    chunking.inline_script.py: 81c091be36a965d76e7f84748ffd69aa264212074e1b4f32372de6423f51a576
    condition.inline_script.py: 5055f7fd5bb0239f36d6a4e5959ab99087aaa08030f182ba1c86bba95a1ec2b5
    crawl_stock_news.inline_script.py: 8604991fdf43e3200d8c78775eb8ffe9d87727b1d457e15bd1469de5226613a4
    embedding_context.inline_script.py: 4adde18786a9c1d3b46c1322a23ec4459468b2c0c61129fb0a15dfba79518f46
    embedding_query.inline_script.py: 4adde18786a9c1d3b46c1322a23ec4459468b2c0c61129fb0a15dfba79518f46
    extract_-_markdown_formating.inline_script.py: 2f62951257734d44f716c117f8500e84a98f045dde41fcf59864671ceea7bd13
    filtering_and_reranking.inline_script.py: 81b25cc7e46b382f436ce88e2036cf878994eefb21182d2429d484e821d68c27
    llm_3_-_build_template_-_general_analyze.inline_script.py: e908e879fb832106d747338ba4dbd94f10472d97518f5a96d755d535ca21756e
    llm1_-_build_template_-_summarize.inline_script.py: 318f56f9648f839d052d6239ed83dee65f25bc2b6127977ce3cfd35b38a260b2
    llm2_-_build_template_-_evaluate_stocks.inline_script.py: b9653d92a225dd3b42ccb4124090483b5b6577f2bc3f2e7fb23bd18d564921ba
    mapping_topic.inline_script.py: 7cdc4a40ada3b3a2fcd97064242104cca79b8fbeeddb98b3a17493661a5373a0
    reprocess_chunks.inline_script.py: 005a4cc71b9b9dca90cff633ba4a72de2fb216260b7b854f70f23496155f593b
  f/finnew/sweet_flow.flow:
    __flow_hash: d8cb86939ac6f1f4085dc6816d0ba744a4a95123dc046f72560919bc3899448f
    ai_nhận_định.inline_script.py: c955cb4404b0092eab9c3c6d4b4a3c07a0a6676400aba390c99cafddbc6671b1
    download_csv.inline_script.py: 16a748ad0cdde4bbecbdd86f14cee9eb3276336ea735e0951ca5c43017839beb
    message_template.inline_script.py: f303845fc6f706c0656be57ec495b6b7af9f536d3b4e39f159046b596221668a
    parsing_to_dict.inline_script.py: 52c1104dcd5c58457e183095089165feeb838de345dd7cf8e2bba36505962288
    pdf_template.inline_script.py: d921929a2a6b3521770a8c2cf412dc9d5f8eaae5166a913a1533e65d7960f8bf
    validate.inline_script.py: 2a1138d8d2bc85c82de174036fd5f95eb8e6b7a00f87c259ac51c0d7a2d53488
  f/rag/beq_v2.flow:
    __flow_hash: d98edeb87a83002690029edaf215cd02be742ebb3905f52f76bc03f3c6ccc5af
    inline_script_0.inline_script.py: 62f5f007bb36954b1ba03ac08cc8d41c77389ef87e1ff113b14572f810931f56
    inline_script_1.inline_script.py: 00e6dc268325b7de51c31f3384afc541e72aa3fe4f4b3cdf3493cd09267a7ab3
    inline_script_2.inline_script.py: 8eddbd5a739b5f79bee3da845178ec60717b50673068a1fcca8a770e8729781c
    inline_script_3.inline_script.py: fdf7eeedfbfe6689503aef3983ae8cc84e08986d928e073b5926c9232d699d56
  f/rag/chunking.flow:
    __flow_hash: 6227fbd058f3c6ab034854320b0463a86c4eceadb11f1eb3fcdd81b764ede77e
    inline_script_0.inline_script.py: 11dff65d4e86b6bdf961acde228f3bc69f6b64852c0bc4b51e5b76171046cdc6
    inline_script_1.inline_script.py: efeb070a607546a5646c9f0dc881eb3d963721a1b12a9815785d1417715823d9
    inline_script_2.inline_script.py: 45eff9d56d279e67bee0b4410193c1de0439d3e4e4c84ead29a2dc21e737d3be
    inline_script_3.inline_script.py: 61af5cb7c3271834bd0cdbddeac77f5f4d89ebb1ac641b0cd08183bc86ec9483
