# py: 3.11
aiohappyeyeballs==2.6.1
aiohttp==3.12.15
aiosignal==1.4.0
attrdict==2.0.1
attrs==25.3.0
brotli==1.1.0
certifi==2025.8.3
charset-normalizer==3.4.3
cuda-bindings==13.0.1
cuda-pathfinder==1.2.1
cuda-python==13.0.1
frozenlist==1.7.0
gevent==25.8.2
geventhttpclient==2.3.4
greenlet==3.2.4
grpcio==1.67.1
idna==3.10
multidict==6.6.4
numpy==2.3.2
packaging==25.0
propcache==0.3.2
protobuf==5.29.5
python-rapidjson==1.21
requests==2.32.5
setuptools==80.9.0
six==1.17.0
trism @ git+https://github.com/hieupth/trism@d34acfa6e3f166c28eb7f907fea4f441c90255e0
tritonclient==2.60.0
typing-extensions==4.15.0
urllib3==2.5.0
yarl==1.20.1
zope-event==5.1.1
zope-interface==7.2